# This file is generated by running "yarn install" inside your project.
# Manual changes might be lost - proceed with caution!

__metadata:
  version: 6
  cacheKey: 8

"@esbuild/aix-ppc64@npm:0.25.12":
  version: 0.25.12
  resolution: "@esbuild/aix-ppc64@npm:0.25.12"
  conditions: os=aix & cpu=ppc64
  languageName: node
  linkType: hard

"@esbuild/android-arm64@npm:0.25.12":
  version: 0.25.12
  resolution: "@esbuild/android-arm64@npm:0.25.12"
  conditions: os=android & cpu=arm64
  languageName: node
  linkType: hard

"@esbuild/android-arm@npm:0.25.12":
  version: 0.25.12
  resolution: "@esbuild/android-arm@npm:0.25.12"
  conditions: os=android & cpu=arm
  languageName: node
  linkType: hard

"@esbuild/android-x64@npm:0.25.12":
  version: 0.25.12
  resolution: "@esbuild/android-x64@npm:0.25.12"
  conditions: os=android & cpu=x64
  languageName: node
  linkType: hard

"@esbuild/darwin-arm64@npm:0.25.12":
  version: 0.25.12
  resolution: "@esbuild/darwin-arm64@npm:0.25.12"
  conditions: os=darwin & cpu=arm64
  languageName: node
  linkType: hard

"@esbuild/darwin-x64@npm:0.25.12":
  version: 0.25.12
  resolution: "@esbuild/darwin-x64@npm:0.25.12"
  conditions: os=darwin & cpu=x64
  languageName: node
  linkType: hard

"@esbuild/freebsd-arm64@npm:0.25.12":
  version: 0.25.12
  resolution: "@esbuild/freebsd-arm64@npm:0.25.12"
  conditions: os=freebsd & cpu=arm64
  languageName: node
  linkType: hard

"@esbuild/freebsd-x64@npm:0.25.12":
  version: 0.25.12
  resolution: "@esbuild/freebsd-x64@npm:0.25.12"
  conditions: os=freebsd & cpu=x64
  languageName: node
  linkType: hard

"@esbuild/linux-arm64@npm:0.25.12":
  version: 0.25.12
  resolution: "@esbuild/linux-arm64@npm:0.25.12"
  conditions: os=linux & cpu=arm64
  languageName: node
  linkType: hard

"@esbuild/linux-arm@npm:0.25.12":
  version: 0.25.12
  resolution: "@esbuild/linux-arm@npm:0.25.12"
  conditions: os=linux & cpu=arm
  languageName: node
  linkType: hard

"@esbuild/linux-ia32@npm:0.25.12":
  version: 0.25.12
  resolution: "@esbuild/linux-ia32@npm:0.25.12"
  conditions: os=linux & cpu=ia32
  languageName: node
  linkType: hard

"@esbuild/linux-loong64@npm:0.25.12":
  version: 0.25.12
  resolution: "@esbuild/linux-loong64@npm:0.25.12"
  conditions: os=linux & cpu=loong64
  languageName: node
  linkType: hard

"@esbuild/linux-mips64el@npm:0.25.12":
  version: 0.25.12
  resolution: "@esbuild/linux-mips64el@npm:0.25.12"
  conditions: os=linux & cpu=mips64el
  languageName: node
  linkType: hard

"@esbuild/linux-ppc64@npm:0.25.12":
  version: 0.25.12
  resolution: "@esbuild/linux-ppc64@npm:0.25.12"
  conditions: os=linux & cpu=ppc64
  languageName: node
  linkType: hard

"@esbuild/linux-riscv64@npm:0.25.12":
  version: 0.25.12
  resolution: "@esbuild/linux-riscv64@npm:0.25.12"
  conditions: os=linux & cpu=riscv64
  languageName: node
  linkType: hard

"@esbuild/linux-s390x@npm:0.25.12":
  version: 0.25.12
  resolution: "@esbuild/linux-s390x@npm:0.25.12"
  conditions: os=linux & cpu=s390x
  languageName: node
  linkType: hard

"@esbuild/linux-x64@npm:0.25.12":
  version: 0.25.12
  resolution: "@esbuild/linux-x64@npm:0.25.12"
  conditions: os=linux & cpu=x64
  languageName: node
  linkType: hard

"@esbuild/netbsd-arm64@npm:0.25.12":
  version: 0.25.12
  resolution: "@esbuild/netbsd-arm64@npm:0.25.12"
  conditions: os=netbsd & cpu=arm64
  languageName: node
  linkType: hard

"@esbuild/netbsd-x64@npm:0.25.12":
  version: 0.25.12
  resolution: "@esbuild/netbsd-x64@npm:0.25.12"
  conditions: os=netbsd & cpu=x64
  languageName: node
  linkType: hard

"@esbuild/openbsd-arm64@npm:0.25.12":
  version: 0.25.12
  resolution: "@esbuild/openbsd-arm64@npm:0.25.12"
  conditions: os=openbsd & cpu=arm64
  languageName: node
  linkType: hard

"@esbuild/openbsd-x64@npm:0.25.12":
  version: 0.25.12
  resolution: "@esbuild/openbsd-x64@npm:0.25.12"
  conditions: os=openbsd & cpu=x64
  languageName: node
  linkType: hard

"@esbuild/openharmony-arm64@npm:0.25.12":
  version: 0.25.12
  resolution: "@esbuild/openharmony-arm64@npm:0.25.12"
  conditions: os=openharmony & cpu=arm64
  languageName: node
  linkType: hard

"@esbuild/sunos-x64@npm:0.25.12":
  version: 0.25.12
  resolution: "@esbuild/sunos-x64@npm:0.25.12"
  conditions: os=sunos & cpu=x64
  languageName: node
  linkType: hard

"@esbuild/win32-arm64@npm:0.25.12":
  version: 0.25.12
  resolution: "@esbuild/win32-arm64@npm:0.25.12"
  conditions: os=win32 & cpu=arm64
  languageName: node
  linkType: hard

"@esbuild/win32-ia32@npm:0.25.12":
  version: 0.25.12
  resolution: "@esbuild/win32-ia32@npm:0.25.12"
  conditions: os=win32 & cpu=ia32
  languageName: node
  linkType: hard

"@esbuild/win32-x64@npm:0.25.12":
  version: 0.25.12
  resolution: "@esbuild/win32-x64@npm:0.25.12"
  conditions: os=win32 & cpu=x64
  languageName: node
  linkType: hard

"@isaacs/fs-minipass@npm:^4.0.0":
  version: 4.0.1
  resolution: "@isaacs/fs-minipass@npm:4.0.1"
  dependencies:
    minipass: ^7.0.4
  checksum: 5d36d289960e886484362d9eb6a51d1ea28baed5f5d0140bbe62b99bac52eaf06cc01c2bc0d3575977962f84f6b2c4387b043ee632216643d4787b0999465bf2
  languageName: node
  linkType: hard

"@parcel/watcher-android-arm64@npm:2.5.6":
  version: 2.5.6
  resolution: "@parcel/watcher-android-arm64@npm:2.5.6"
  conditions: os=android & cpu=arm64
  languageName: node
  linkType: hard

"@parcel/watcher-darwin-arm64@npm:2.5.6":
  version: 2.5.6
  resolution: "@parcel/watcher-darwin-arm64@npm:2.5.6"
  conditions: os=darwin & cpu=arm64
  languageName: node
  linkType: hard

"@parcel/watcher-darwin-x64@npm:2.5.6":
  version: 2.5.6
  resolution: "@parcel/watcher-darwin-x64@npm:2.5.6"
  conditions: os=darwin & cpu=x64
  languageName: node
  linkType: hard

"@parcel/watcher-freebsd-x64@npm:2.5.6":
  version: 2.5.6
  resolution: "@parcel/watcher-freebsd-x64@npm:2.5.6"
  conditions: os=freebsd & cpu=x64
  languageName: node
  linkType: hard

"@parcel/watcher-linux-arm-glibc@npm:2.5.6":
  version: 2.5.6
  resolution: "@parcel/watcher-linux-arm-glibc@npm:2.5.6"
  conditions: os=linux & cpu=arm & libc=glibc
  languageName: node
  linkType: hard

"@parcel/watcher-linux-arm-musl@npm:2.5.6":
  version: 2.5.6
  resolution: "@parcel/watcher-linux-arm-musl@npm:2.5.6"
  conditions: os=linux & cpu=arm & libc=musl
  languageName: node
  linkType: hard

"@parcel/watcher-linux-arm64-glibc@npm:2.5.6":
  version: 2.5.6
  resolution: "@parcel/watcher-linux-arm64-glibc@npm:2.5.6"
  conditions: os=linux & cpu=arm64 & libc=glibc
  languageName: node
  linkType: hard

"@parcel/watcher-linux-arm64-musl@npm:2.5.6":
  version: 2.5.6
  resolution: "@parcel/watcher-linux-arm64-musl@npm:2.5.6"
  conditions: os=linux & cpu=arm64 & libc=musl
  languageName: node
  linkType: hard

"@parcel/watcher-linux-x64-glibc@npm:2.5.6":
  version: 2.5.6
  resolution: "@parcel/watcher-linux-x64-glibc@npm:2.5.6"
  conditions: os=linux & cpu=x64 & libc=glibc
  languageName: node
  linkType: hard

"@parcel/watcher-linux-x64-musl@npm:2.5.6":
  version: 2.5.6
  resolution: "@parcel/watcher-linux-x64-musl@npm:2.5.6"
  conditions: os=linux & cpu=x64 & libc=musl
  languageName: node
  linkType: hard

"@parcel/watcher-win32-arm64@npm:2.5.6":
  version: 2.5.6
  resolution: "@parcel/watcher-win32-arm64@npm:2.5.6"
  conditions: os=win32 & cpu=arm64
  languageName: node
  linkType: hard

"@parcel/watcher-win32-ia32@npm:2.5.6":
  version: 2.5.6
  resolution: "@parcel/watcher-win32-ia32@npm:2.5.6"
  conditions: os=win32 & cpu=ia32
  languageName: node
  linkType: hard

"@parcel/watcher-win32-x64@npm:2.5.6":
  version: 2.5.6
  resolution: "@parcel/watcher-win32-x64@npm:2.5.6"
  conditions: os=win32 & cpu=x64
  languageName: node
  linkType: hard

"@parcel/watcher@npm:^2.4.1":
  version: 2.5.6
  resolution: "@parcel/watcher@npm:2.5.6"
  dependencies:
    "@parcel/watcher-android-arm64": 2.5.6
    "@parcel/watcher-darwin-arm64": 2.5.6
    "@parcel/watcher-darwin-x64": 2.5.6
    "@parcel/watcher-freebsd-x64": 2.5.6
    "@parcel/watcher-linux-arm-glibc": 2.5.6
    "@parcel/watcher-linux-arm-musl": 2.5.6
    "@parcel/watcher-linux-arm64-glibc": 2.5.6
    "@parcel/watcher-linux-arm64-musl": 2.5.6
    "@parcel/watcher-linux-x64-glibc": 2.5.6
    "@parcel/watcher-linux-x64-musl": 2.5.6
    "@parcel/watcher-win32-arm64": 2.5.6
    "@parcel/watcher-win32-ia32": 2.5.6
    "@parcel/watcher-win32-x64": 2.5.6
    detect-libc: ^2.0.3
    is-glob: ^4.0.3
    node-addon-api: ^7.0.0
    node-gyp: latest
    picomatch: ^4.0.3
  dependenciesMeta:
    "@parcel/watcher-android-arm64":
      optional: true
    "@parcel/watcher-darwin-arm64":
      optional: true
    "@parcel/watcher-darwin-x64":
      optional: true
    "@parcel/watcher-freebsd-x64":
      optional: true
    "@parcel/watcher-linux-arm-glibc":
      optional: true
    "@parcel/watcher-linux-arm-musl":
      optional: true
    "@parcel/watcher-linux-arm64-glibc":
      optional: true
    "@parcel/watcher-linux-arm64-musl":
      optional: true
    "@parcel/watcher-linux-x64-glibc":
      optional: true
    "@parcel/watcher-linux-x64-musl":
      optional: true
    "@parcel/watcher-win32-arm64":
      optional: true
    "@parcel/watcher-win32-ia32":
      optional: true
    "@parcel/watcher-win32-x64":
      optional: true
  checksum: f4f166eaf743630bce0ed1c16db0ac90bd7b5a7e807abf7fe5affb95dbefbb49a6c3a805bfcd7ec82703262b9c7fd0f494a102700e273b1fe66ed9615bb04195
  languageName: node
  linkType: hard

"@playwright/test@npm:^1.48.0":
  version: 1.60.0
  resolution: "@playwright/test@npm:1.60.0"
  dependencies:
    playwright: 1.60.0
  bin:
    playwright: cli.js
  checksum: 29176a1fcf016a06299353f01de7f35817d78731294bfca62bfa44f18e2ad3a9b5f8a8480cf55046b597ee28c5c5340a4dd03a268f8fb853522ddd96a437204a
  languageName: node
  linkType: hard

"@rolldown/pluginutils@npm:1.0.0-beta.27":
  version: 1.0.0-beta.27
  resolution: "@rolldown/pluginutils@npm:1.0.0-beta.27"
  checksum: b57d8de44534bdbb92e9dda70a29c5b3cb7a13cc3a2efaaf9d27923ca23e2526e9470939fe1d7c6a96623da20aaf96a1517502e1d9a6d4f98fbb544cf502600a
  languageName: node
  linkType: hard

"@rollup/rollup-android-arm-eabi@npm:4.60.4":
  version: 4.60.4
  resolution: "@rollup/rollup-android-arm-eabi@npm:4.60.4"
  conditions: os=android & cpu=arm
  languageName: node
  linkType: hard

"@rollup/rollup-android-arm64@npm:4.60.4":
  version: 4.60.4
  resolution: "@rollup/rollup-android-arm64@npm:4.60.4"
  conditions: os=android & cpu=arm64
  languageName: node
  linkType: hard

"@rollup/rollup-darwin-arm64@npm:4.60.4":
  version: 4.60.4
  resolution: "@rollup/rollup-darwin-arm64@npm:4.60.4"
  conditions: os=darwin & cpu=arm64
  languageName: node
  linkType: hard

"@rollup/rollup-darwin-x64@npm:4.60.4":
  version: 4.60.4
  resolution: "@rollup/rollup-darwin-x64@npm:4.60.4"
  conditions: os=darwin & cpu=x64
  languageName: node
  linkType: hard

"@rollup/rollup-freebsd-arm64@npm:4.60.4":
  version: 4.60.4
  resolution: "@rollup/rollup-freebsd-arm64@npm:4.60.4"
  conditions: os=freebsd & cpu=arm64
  languageName: node
  linkType: hard

"@rollup/rollup-freebsd-x64@npm:4.60.4":
  version: 4.60.4
  resolution: "@rollup/rollup-freebsd-x64@npm:4.60.4"
  conditions: os=freebsd & cpu=x64
  languageName: node
  linkType: hard

"@rollup/rollup-linux-arm-gnueabihf@npm:4.60.4":
  version: 4.60.4
  resolution: "@rollup/rollup-linux-arm-gnueabihf@npm:4.60.4"
  conditions: os=linux & cpu=arm & libc=glibc
  languageName: node
  linkType: hard

"@rollup/rollup-linux-arm-musleabihf@npm:4.60.4":
  version: 4.60.4
  resolution: "@rollup/rollup-linux-arm-musleabihf@npm:4.60.4"
  conditions: os=linux & cpu=arm & libc=musl
  languageName: node
  linkType: hard

"@rollup/rollup-linux-arm64-gnu@npm:4.60.4":
  version: 4.60.4
  resolution: "@rollup/rollup-linux-arm64-gnu@npm:4.60.4"
  conditions: os=linux & cpu=arm64 & libc=glibc
  languageName: node
  linkType: hard

"@rollup/rollup-linux-arm64-musl@npm:4.60.4":
  version: 4.60.4
  resolution: "@rollup/rollup-linux-arm64-musl@npm:4.60.4"
  conditions: os=linux & cpu=arm64 & libc=musl
  languageName: node
  linkType: hard

"@rollup/rollup-linux-loong64-gnu@npm:4.60.4":
  version: 4.60.4
  resolution: "@rollup/rollup-linux-loong64-gnu@npm:4.60.4"
  conditions: os=linux & cpu=loong64 & libc=glibc
  languageName: node
  linkType: hard

"@rollup/rollup-linux-loong64-musl@npm:4.60.4":
  version: 4.60.4
  resolution: "@rollup/rollup-linux-loong64-musl@npm:4.60.4"
  conditions: os=linux & cpu=loong64 & libc=musl
  languageName: node
  linkType: hard

"@rollup/rollup-linux-ppc64-gnu@npm:4.60.4":
  version: 4.60.4
  resolution: "@rollup/rollup-linux-ppc64-gnu@npm:4.60.4"
  conditions: os=linux & cpu=ppc64 & libc=glibc
  languageName: node
  linkType: hard

"@rollup/rollup-linux-ppc64-musl@npm:4.60.4":
  version: 4.60.4
  resolution: "@rollup/rollup-linux-ppc64-musl@npm:4.60.4"
  conditions: os=linux & cpu=ppc64 & libc=musl
  languageName: node
  linkType: hard

"@rollup/rollup-linux-riscv64-gnu@npm:4.60.4":
  version: 4.60.4
  resolution: "@rollup/rollup-linux-riscv64-gnu@npm:4.60.4"
  conditions: os=linux & cpu=riscv64 & libc=glibc
  languageName: node
  linkType: hard

"@rollup/rollup-linux-riscv64-musl@npm:4.60.4":
  version: 4.60.4
  resolution: "@rollup/rollup-linux-riscv64-musl@npm:4.60.4"
  conditions: os=linux & cpu=riscv64 & libc=musl
  languageName: node
  linkType: hard

"@rollup/rollup-linux-s390x-gnu@npm:4.60.4":
  version: 4.60.4
  resolution: "@rollup/rollup-linux-s390x-gnu@npm:4.60.4"
  conditions: os=linux & cpu=s390x & libc=glibc
  languageName: node
  linkType: hard

"@rollup/rollup-linux-x64-gnu@npm:4.60.4":
  version: 4.60.4
  resolution: "@rollup/rollup-linux-x64-gnu@npm:4.60.4"
  conditions: os=linux & cpu=x64 & libc=glibc
  languageName: node
  linkType: hard

"@rollup/rollup-linux-x64-musl@npm:4.60.4":
  version: 4.60.4
  resolution: "@rollup/rollup-linux-x64-musl@npm:4.60.4"
  conditions: os=linux & cpu=x64 & libc=musl
  languageName: node
  linkType: hard

"@rollup/rollup-openbsd-x64@npm:4.60.4":
  version: 4.60.4
  resolution: "@rollup/rollup-openbsd-x64@npm:4.60.4"
  conditions: os=openbsd & cpu=x64
  languageName: node
  linkType: hard

"@rollup/rollup-openharmony-arm64@npm:4.60.4":
  version: 4.60.4
  resolution: "@rollup/rollup-openharmony-arm64@npm:4.60.4"
  conditions: os=openharmony & cpu=arm64
  languageName: node
  linkType: hard

"@rollup/rollup-win32-arm64-msvc@npm:4.60.4":
  version: 4.60.4
  resolution: "@rollup/rollup-win32-arm64-msvc@npm:4.60.4"
  conditions: os=win32 & cpu=arm64
  languageName: node
  linkType: hard

"@rollup/rollup-win32-ia32-msvc@npm:4.60.4":
  version: 4.60.4
  resolution: "@rollup/rollup-win32-ia32-msvc@npm:4.60.4"
  conditions: os=win32 & cpu=ia32
  languageName: node
  linkType: hard

"@rollup/rollup-win32-x64-gnu@npm:4.60.4":
  version: 4.60.4
  resolution: "@rollup/rollup-win32-x64-gnu@npm:4.60.4"
  conditions: os=win32 & cpu=x64
  languageName: node
  linkType: hard

"@rollup/rollup-win32-x64-msvc@npm:4.60.4":
  version: 4.60.4
  resolution: "@rollup/rollup-win32-x64-msvc@npm:4.60.4"
  conditions: os=win32 & cpu=x64
  languageName: node
  linkType: hard

"@swc/core-darwin-arm64@npm:1.15.33":
  version: 1.15.33
  resolution: "@swc/core-darwin-arm64@npm:1.15.33"
  conditions: os=darwin & cpu=arm64
  languageName: node
  linkType: hard

"@swc/core-darwin-x64@npm:1.15.33":
  version: 1.15.33
  resolution: "@swc/core-darwin-x64@npm:1.15.33"
  conditions: os=darwin & cpu=x64
  languageName: node
  linkType: hard

"@swc/core-linux-arm-gnueabihf@npm:1.15.33":
  version: 1.15.33
  resolution: "@swc/core-linux-arm-gnueabihf@npm:1.15.33"
  conditions: os=linux & cpu=arm
  languageName: node
  linkType: hard

"@swc/core-linux-arm64-gnu@npm:1.15.33":
  version: 1.15.33
  resolution: "@swc/core-linux-arm64-gnu@npm:1.15.33"
  conditions: os=linux & cpu=arm64 & libc=glibc
  languageName: node
  linkType: hard

"@swc/core-linux-arm64-musl@npm:1.15.33":
  version: 1.15.33
  resolution: "@swc/core-linux-arm64-musl@npm:1.15.33"
  conditions: os=linux & cpu=arm64 & libc=musl
  languageName: node
  linkType: hard

"@swc/core-linux-ppc64-gnu@npm:1.15.33":
  version: 1.15.33
  resolution: "@swc/core-linux-ppc64-gnu@npm:1.15.33"
  conditions: os=linux & cpu=ppc64 & libc=glibc
  languageName: node
  linkType: hard

"@swc/core-linux-s390x-gnu@npm:1.15.33":
  version: 1.15.33
  resolution: "@swc/core-linux-s390x-gnu@npm:1.15.33"
  conditions: os=linux & cpu=s390x & libc=glibc
  languageName: node
  linkType: hard

"@swc/core-linux-x64-gnu@npm:1.15.33":
  version: 1.15.33
  resolution: "@swc/core-linux-x64-gnu@npm:1.15.33"
  conditions: os=linux & cpu=x64 & libc=glibc
  languageName: node
  linkType: hard

"@swc/core-linux-x64-musl@npm:1.15.33":
  version: 1.15.33
  resolution: "@swc/core-linux-x64-musl@npm:1.15.33"
  conditions: os=linux & cpu=x64 & libc=musl
  languageName: node
  linkType: hard

"@swc/core-win32-arm64-msvc@npm:1.15.33":
  version: 1.15.33
  resolution: "@swc/core-win32-arm64-msvc@npm:1.15.33"
  conditions: os=win32 & cpu=arm64
  languageName: node
  linkType: hard

"@swc/core-win32-ia32-msvc@npm:1.15.33":
  version: 1.15.33
  resolution: "@swc/core-win32-ia32-msvc@npm:1.15.33"
  conditions: os=win32 & cpu=ia32
  languageName: node
  linkType: hard

"@swc/core-win32-x64-msvc@npm:1.15.33":
  version: 1.15.33
  resolution: "@swc/core-win32-x64-msvc@npm:1.15.33"
  conditions: os=win32 & cpu=x64
  languageName: node
  linkType: hard

"@swc/core@npm:^1.12.11":
  version: 1.15.33
  resolution: "@swc/core@npm:1.15.33"
  dependencies:
    "@swc/core-darwin-arm64": 1.15.33
    "@swc/core-darwin-x64": 1.15.33
    "@swc/core-linux-arm-gnueabihf": 1.15.33
    "@swc/core-linux-arm64-gnu": 1.15.33
    "@swc/core-linux-arm64-musl": 1.15.33
    "@swc/core-linux-ppc64-gnu": 1.15.33
    "@swc/core-linux-s390x-gnu": 1.15.33
    "@swc/core-linux-x64-gnu": 1.15.33
    "@swc/core-linux-x64-musl": 1.15.33
    "@swc/core-win32-arm64-msvc": 1.15.33
    "@swc/core-win32-ia32-msvc": 1.15.33
    "@swc/core-win32-x64-msvc": 1.15.33
    "@swc/counter": ^0.1.3
    "@swc/types": ^0.1.26
  peerDependencies:
    "@swc/helpers": ">=0.5.17"
  dependenciesMeta:
    "@swc/core-darwin-arm64":
      optional: true
    "@swc/core-darwin-x64":
      optional: true
    "@swc/core-linux-arm-gnueabihf":
      optional: true
    "@swc/core-linux-arm64-gnu":
      optional: true
    "@swc/core-linux-arm64-musl":
      optional: true
    "@swc/core-linux-ppc64-gnu":
      optional: true
    "@swc/core-linux-s390x-gnu":
      optional: true
    "@swc/core-linux-x64-gnu":
      optional: true
    "@swc/core-linux-x64-musl":
      optional: true
    "@swc/core-win32-arm64-msvc":
      optional: true
    "@swc/core-win32-ia32-msvc":
      optional: true
    "@swc/core-win32-x64-msvc":
      optional: true
  peerDependenciesMeta:
    "@swc/helpers":
      optional: true
  checksum: 62d8309d753dcafc164549d07adfc7cb7099bac230821c4efd18769774cd14d9b7584f475398c32b27f65fcada07de68e52b68665326d6bc9d564cd422c9718a
  languageName: node
  linkType: hard

"@swc/counter@npm:^0.1.3":
  version: 0.1.3
  resolution: "@swc/counter@npm:0.1.3"
  checksum: df8f9cfba9904d3d60f511664c70d23bb323b3a0803ec9890f60133954173047ba9bdeabce28cd70ba89ccd3fd6c71c7b0bd58be85f611e1ffbe5d5c18616598
  languageName: node
  linkType: hard

"@swc/types@npm:^0.1.26":
  version: 0.1.26
  resolution: "@swc/types@npm:0.1.26"
  dependencies:
    "@swc/counter": ^0.1.3
  checksum: 24e6520c3f13e65799b95843f37839b9a80b67db7e15cc2f92b98cd70f501edcd004eaa376aac979a2739795e147a5b969f49df3bb9a4681123b94e5cad58951
  languageName: node
  linkType: hard

"@types/estree@npm:1.0.8":
  version: 1.0.8
  resolution: "@types/estree@npm:1.0.8"
  checksum: bd93e2e415b6f182ec4da1074e1f36c480f1d26add3e696d54fb30c09bc470897e41361c8fd957bf0985024f8fbf1e6e2aff977d79352ef7eb93a5c6dcff6c11
  languageName: node
  linkType: hard

"@types/file-saver@npm:^2.0.7":
  version: 2.0.7
  resolution: "@types/file-saver@npm:2.0.7"
  checksum: c3d1cd80eab1214767922cabac97681f3fb688e82b74890450d70deaca49537949bbc96d80d363d91e8f0a4752c7164909cc8902d9721c5c4809baafc42a3801
  languageName: node
  linkType: hard

"@types/node@npm:^25.9.1":
  version: 25.9.1
  resolution: "@types/node@npm:25.9.1"
  dependencies:
    undici-types: ">=7.24.0 <7.24.7"
  checksum: 1a18c731409b14d59cea90ada7f2949ebbd0acf8df5cdfc4e0a981e3fd3f1a9cdc547752b139167989e04c888c61aeac64c4519510b7edbe4d5f456b2975f12c
  languageName: node
  linkType: hard

"@types/prop-types@npm:*":
  version: 15.7.15
  resolution: "@types/prop-types@npm:15.7.15"
  checksum: 31aa2f59b28f24da6fb4f1d70807dae2aedfce090ec63eaf9ea01727a9533ef6eaf017de5bff99fbccad7d1c9e644f52c6c2ba30869465dd22b1a7221c29f356
  languageName: node
  linkType: hard

"@types/react-dom@npm:^18.3.1":
  version: 18.3.7
  resolution: "@types/react-dom@npm:18.3.7"
  peerDependencies:
    "@types/react": ^18.0.0
  checksum: c8b63ec944d2a68992b4dba474003fe55ee1d949c4b9c8fe97eecb2290de23f76acfb670b2f7ceb46a5fc8e46808d1745369b03edda48a7a0cf730eff4c5d315
  languageName: node
  linkType: hard

"@types/react@npm:^18.3.12":
  version: 18.3.29
  resolution: "@types/react@npm:18.3.29"
  dependencies:
    "@types/prop-types": "*"
    csstype: ^3.2.2
  checksum: 17e0efcfecfdb36e07aed7e259dc731fabcc1c4b1172d960152a357a6d1f54b6b775ce6d64be2e75030f9a221172198ceb8325f7b8c02c3ac5e69e58d3d7db69
  languageName: node
  linkType: hard

"@vitejs/plugin-react-swc@npm:^3.7.2":
  version: 3.11.0
  resolution: "@vitejs/plugin-react-swc@npm:3.11.0"
  dependencies:
    "@rolldown/pluginutils": 1.0.0-beta.27
    "@swc/core": ^1.12.11
  peerDependencies:
    vite: ^4 || ^5 || ^6 || ^7
  checksum: 03f52655f4eb3c7c6325b11b863f7d3f11b9c0a367fe2ee39cafd690b7622bbec7b21b5bad5c3216c9e82390ef28a915119112c348659637ec454f09596656db
  languageName: node
  linkType: hard

"@xterm/addon-canvas@npm:^0.7.0":
  version: 0.7.0
  resolution: "@xterm/addon-canvas@npm:0.7.0"
  peerDependencies:
    "@xterm/xterm": ^5.0.0
  checksum: 28b9965f34e01a9bbcc31651dee2d4a9380aad528039484cce372b856be820705b293c4b5091cee65208c3dfbf6f944f27ecc6c3b794df5a96036cbf6dba0d74
  languageName: node
  linkType: hard

"@xterm/addon-clipboard@npm:^0.1.0":
  version: 0.1.0
  resolution: "@xterm/addon-clipboard@npm:0.1.0"
  dependencies:
    js-base64: ^3.7.5
  peerDependencies:
    "@xterm/xterm": ^5.4.0
  checksum: fe33d28223ae7f9965653c6c946a68e06f1d884fba1d11e8bcb52dcc608dbb2240caf48573d6297daefa56696e88f963148a1035ccf034cb6fb4f88f506a2ec7
  languageName: node
  linkType: hard

"@xterm/addon-fit@npm:^0.10.0":
  version: 0.10.0
  resolution: "@xterm/addon-fit@npm:0.10.0"
  peerDependencies:
    "@xterm/xterm": ^5.0.0
  checksum: 8edfad561c0d0316c5883cbe2ce56109f105a2b2bf53b71d5f8c788e656a3205c1093a659dddcf4025a459e4b7ff8e07b6c6a19815c8711deeded560de5f1893
  languageName: node
  linkType: hard

"@xterm/addon-image@npm:^0.8.0":
  version: 0.8.0
  resolution: "@xterm/addon-image@npm:0.8.0"
  peerDependencies:
    "@xterm/xterm": ^5.2.0
  checksum: 852ea4482e0272bf74a505a9b54429a7d60775f0ee0b86bf207b5ea52a8f2e83ce2870415129fca82710a63a7ca3e233564d5dd050ebc49512d1d0113e5b5b1b
  languageName: node
  linkType: hard

"@xterm/addon-unicode11@npm:^0.8.0":
  version: 0.8.0
  resolution: "@xterm/addon-unicode11@npm:0.8.0"
  peerDependencies:
    "@xterm/xterm": ^5.0.0
  checksum: 187df1098b170af9c519fceb0681655e54e571d54538e5271b54b801dd30f8710b1c4a5ff9629f3d2a0ae9a59b4da563be99a4d2a0a163a1728cf245773c741c
  languageName: node
  linkType: hard

"@xterm/addon-web-links@npm:^0.11.0":
  version: 0.11.0
  resolution: "@xterm/addon-web-links@npm:0.11.0"
  peerDependencies:
    "@xterm/xterm": ^5.0.0
  checksum: c1b36b649b8cddc613213eb9e835daf3106a8be359a19ccacca1f1d9ff883b59d478f166109ee017fa3994d224dcdd82976ad5d5a1221271ab8d3d5684eb141d
  languageName: node
  linkType: hard

"@xterm/addon-webgl@npm:^0.18.0":
  version: 0.18.0
  resolution: "@xterm/addon-webgl@npm:0.18.0"
  peerDependencies:
    "@xterm/xterm": ^5.0.0
  checksum: 942ecaa4e08423563a795a1a63fa79637e60d4e3aba1b5fa2f426e1d7b19c553e8c8f1cfad1258461f22e05362e791f642dc6aab7e8766e26d4d3876617d8320
  languageName: node
  linkType: hard

"@xterm/xterm@npm:^5.5.0":
  version: 5.5.0
  resolution: "@xterm/xterm@npm:5.5.0"
  checksum: 393c1891b95fdd50d05e7a063abdc95a6643d2c45a4231637c23db90511426a95b1b56a5c4c91831121d2710aee9de97cf5e426016c589ca87dea8fff9a41b33
  languageName: node
  linkType: hard

"abbrev@npm:^4.0.0":
  version: 4.0.0
  resolution: "abbrev@npm:4.0.0"
  checksum: d0344b63d28e763f259b4898c41bdc92c08e9d06d0da5617d0bbe4d78244e46daea88c510a2f9472af59b031d9060ec1a999653144e793fd029a59dae2f56dc8
  languageName: node
  linkType: hard

"chokidar@npm:^5.0.0":
  version: 5.0.0
  resolution: "chokidar@npm:5.0.0"
  dependencies:
    readdirp: ^5.0.0
  checksum: 48c0d510d84c228acae24dcf4418d55193ae0fd6cf2d114a3cf893ea68cca95f1876e1b02353a275b0b0b5f933f7c5b5bf126063211c0c8c30b213dd03328897
  languageName: node
  linkType: hard

"chownr@npm:^3.0.0":
  version: 3.0.0
  resolution: "chownr@npm:3.0.0"
  checksum: fd73a4bab48b79e66903fe1cafbdc208956f41ea4f856df883d0c7277b7ab29fd33ee65f93b2ec9192fc0169238f2f8307b7735d27c155821d886b84aa97aa8d
  languageName: node
  linkType: hard

"crc-32@npm:^1.1.1":
  version: 1.2.2
  resolution: "crc-32@npm:1.2.2"
  bin:
    crc32: bin/crc32.njs
  checksum: ad2d0ad0cbd465b75dcaeeff0600f8195b686816ab5f3ba4c6e052a07f728c3e70df2e3ca9fd3d4484dc4ba70586e161ca5a2334ec8bf5a41bf022a6103ff243
  languageName: node
  linkType: hard

"csstype@npm:^3.2.2":
  version: 3.2.3
  resolution: "csstype@npm:3.2.3"
  checksum: cb882521b3398958a1ce6ca98c011aec0bde1c77ecaf8a1dd4db3b112a189939beae3b1308243b2fe50fc27eb3edeb0f73a5a4d91d928765dc6d5ecc7bda92ee
  languageName: node
  linkType: hard

"detect-libc@npm:^2.0.3":
  version: 2.1.2
  resolution: "detect-libc@npm:2.1.2"
  checksum: 471740d52365084c4b2ae359e507b863f2b1d79b08a92835ebdf701918e08fc9cfba175b3db28483ca33b155e1311a91d69dc42c6d192b476f41a9e1f094ce6a
  languageName: node
  linkType: hard

"env-paths@npm:^2.2.0":
  version: 2.2.1
  resolution: "env-paths@npm:2.2.1"
  checksum: 65b5df55a8bab92229ab2b40dad3b387fad24613263d103a97f91c9fe43ceb21965cd3392b1ccb5d77088021e525c4e0481adb309625d0cb94ade1d1fb8dc17e
  languageName: node
  linkType: hard

"esbuild@npm:^0.25.0":
  version: 0.25.12
  resolution: "esbuild@npm:0.25.12"
  dependencies:
    "@esbuild/aix-ppc64": 0.25.12
    "@esbuild/android-arm": 0.25.12
    "@esbuild/android-arm64": 0.25.12
    "@esbuild/android-x64": 0.25.12
    "@esbuild/darwin-arm64": 0.25.12
    "@esbuild/darwin-x64": 0.25.12
    "@esbuild/freebsd-arm64": 0.25.12
    "@esbuild/freebsd-x64": 0.25.12
    "@esbuild/linux-arm": 0.25.12
    "@esbuild/linux-arm64": 0.25.12
    "@esbuild/linux-ia32": 0.25.12
    "@esbuild/linux-loong64": 0.25.12
    "@esbuild/linux-mips64el": 0.25.12
    "@esbuild/linux-ppc64": 0.25.12
    "@esbuild/linux-riscv64": 0.25.12
    "@esbuild/linux-s390x": 0.25.12
    "@esbuild/linux-x64": 0.25.12
    "@esbuild/netbsd-arm64": 0.25.12
    "@esbuild/netbsd-x64": 0.25.12
    "@esbuild/openbsd-arm64": 0.25.12
    "@esbuild/openbsd-x64": 0.25.12
    "@esbuild/openharmony-arm64": 0.25.12
    "@esbuild/sunos-x64": 0.25.12
    "@esbuild/win32-arm64": 0.25.12
    "@esbuild/win32-ia32": 0.25.12
    "@esbuild/win32-x64": 0.25.12
  dependenciesMeta:
    "@esbuild/aix-ppc64":
      optional: true
    "@esbuild/android-arm":
      optional: true
    "@esbuild/android-arm64":
      optional: true
    "@esbuild/android-x64":
      optional: true
    "@esbuild/darwin-arm64":
      optional: true
    "@esbuild/darwin-x64":
      optional: true
    "@esbuild/freebsd-arm64":
      optional: true
    "@esbuild/freebsd-x64":
      optional: true
    "@esbuild/linux-arm":
      optional: true
    "@esbuild/linux-arm64":
      optional: true
    "@esbuild/linux-ia32":
      optional: true
    "@esbuild/linux-loong64":
      optional: true
    "@esbuild/linux-mips64el":
      optional: true
    "@esbuild/linux-ppc64":
      optional: true
    "@esbuild/linux-riscv64":
      optional: true
    "@esbuild/linux-s390x":
      optional: true
    "@esbuild/linux-x64":
      optional: true
    "@esbuild/netbsd-arm64":
      optional: true
    "@esbuild/netbsd-x64":
      optional: true
    "@esbuild/openbsd-arm64":
      optional: true
    "@esbuild/openbsd-x64":
      optional: true
    "@esbuild/openharmony-arm64":
      optional: true
    "@esbuild/sunos-x64":
      optional: true
    "@esbuild/win32-arm64":
      optional: true
    "@esbuild/win32-ia32":
      optional: true
    "@esbuild/win32-x64":
      optional: true
  bin:
    esbuild: bin/esbuild
  checksum: 3d1dc181338e2c44f4374508e9d0da3e7ae90f65d7f3f5d8076ff401a1726c5c9ecc86cfc825249349f1652e12d5ae13f02bcaa4d9487c88c7a11167f52ba353
  languageName: node
  linkType: hard

"exponential-backoff@npm:^3.1.1":
  version: 3.1.3
  resolution: "exponential-backoff@npm:3.1.3"
  checksum: 471fdb70fd3d2c08a74a026973bdd4105b7832911f610ca67bbb74e39279411c1eed2f2a110c9d41c2edd89459ba58fdaba1c174beed73e7a42d773882dcff82
  languageName: node
  linkType: hard

"fdir@npm:^6.4.4, fdir@npm:^6.5.0":
  version: 6.5.0
  resolution: "fdir@npm:6.5.0"
  peerDependencies:
    picomatch: ^3 || ^4
  peerDependenciesMeta:
    picomatch:
      optional: true
  checksum: bd537daa9d3cd53887eed35efa0eab2dbb1ca408790e10e024120e7a36c6e9ae2b33710cb8381e35def01bc9c1d7eaba746f886338413e68ff6ebaee07b9a6e8
  languageName: node
  linkType: hard

"file-saver@npm:^2.0.5":
  version: 2.0.5
  resolution: "file-saver@npm:2.0.5"
  checksum: c62d96e5cebc58b4bdf3ae8a60d5cf9607ad82f75f798c33a4ee63435ac2203002584d5256a2a780eda7feb5e19dc3b6351c2212e58b3f529e63d265a7cc79f7
  languageName: node
  linkType: hard

"fsevents@npm:2.3.2":
  version: 2.3.2
  resolution: "fsevents@npm:2.3.2"
  dependencies:
    node-gyp: latest
  checksum: 97ade64e75091afee5265e6956cb72ba34db7819b4c3e94c431d4be2b19b8bb7a2d4116da417950c3425f17c8fe693d25e20212cac583ac1521ad066b77ae31f
  conditions: os=darwin
  languageName: node
  linkType: hard

"fsevents@npm:~2.3.2, fsevents@npm:~2.3.3":
  version: 2.3.3
  resolution: "fsevents@npm:2.3.3"
  dependencies:
    node-gyp: latest
  checksum: 11e6ea6fea15e42461fc55b4b0e4a0a3c654faa567f1877dbd353f39156f69def97a69936d1746619d656c4b93de2238bf731f6085a03a50cabf287c9d024317
  conditions: os=darwin
  languageName: node
  linkType: hard

"fsevents@patch:fsevents@2.3.2#~builtin<compat/fsevents>":
  version: 2.3.2
  resolution: "fsevents@patch:fsevents@npm%3A2.3.2#~builtin<compat/fsevents>::version=2.3.2&hash=df0bf1"
  dependencies:
    node-gyp: latest
  conditions: os=darwin
  languageName: node
  linkType: hard

"fsevents@patch:fsevents@~2.3.2#~builtin<compat/fsevents>, fsevents@patch:fsevents@~2.3.3#~builtin<compat/fsevents>":
  version: 2.3.3
  resolution: "fsevents@patch:fsevents@npm%3A2.3.3#~builtin<compat/fsevents>::version=2.3.3&hash=df0bf1"
  dependencies:
    node-gyp: latest
  conditions: os=darwin
  languageName: node
  linkType: hard

"graceful-fs@npm:^4.2.6":
  version: 4.2.11
  resolution: "graceful-fs@npm:4.2.11"
  checksum: ac85f94da92d8eb6b7f5a8b20ce65e43d66761c55ce85ac96df6865308390da45a8d3f0296dd3a663de65d30ba497bd46c696cc1e248c72b13d6d567138a4fc7
  languageName: node
  linkType: hard

"immutable@npm:^5.1.5":
  version: 5.1.5
  resolution: "immutable@npm:5.1.5"
  checksum: 6aa0ed4ba7eac225982fea7adbee16e939744e9d20bf15e0f5d4561d7fa2fe69aee6e63ccdb0dffa22e012f6a690ee5359783471ecd0782de6125f2214de3dd8
  languageName: node
  linkType: hard

"is-extglob@npm:^2.1.1":
  version: 2.1.1
  resolution: "is-extglob@npm:2.1.1"
  checksum: df033653d06d0eb567461e58a7a8c9f940bd8c22274b94bf7671ab36df5719791aae15eef6d83bbb5e23283967f2f984b8914559d4449efda578c775c4be6f85
  languageName: node
  linkType: hard

"is-glob@npm:^4.0.3":
  version: 4.0.3
  resolution: "is-glob@npm:4.0.3"
  dependencies:
    is-extglob: ^2.1.1
  checksum: d381c1319fcb69d341cc6e6c7cd588e17cd94722d9a32dbd60660b993c4fb7d0f19438674e68dfec686d09b7c73139c9166b47597f846af387450224a8101ab4
  languageName: node
  linkType: hard

"isexe@npm:^4.0.0":
  version: 4.0.0
  resolution: "isexe@npm:4.0.0"
  checksum: 2ead327ef596042ef9c9ec5f236b316acfaedb87f4bb61b3c3d574fb2e9c8a04b67305e04733bde52c24d9622fdebd3270aadb632adfbf9cadef88fe30f479e5
  languageName: node
  linkType: hard

"js-base64@npm:^3.7.5":
  version: 3.7.8
  resolution: "js-base64@npm:3.7.8"
  checksum: 891746b0f23aea7dd466c5ef2d349b093944a25eca6093c09b2cbb99bc47a94237c63b91623bbc203306b7c72aab5112e90378544bceef3fd0eb9ab86d7af496
  languageName: node
  linkType: hard

"js-tokens@npm:^3.0.0 || ^4.0.0":
  version: 4.0.0
  resolution: "js-tokens@npm:4.0.0"
  checksum: 8a95213a5a77deb6cbe94d86340e8d9ace2b93bc367790b260101d2f36a2eaf4e4e22d9fa9cf459b38af3a32fb4190e638024cf82ec95ef708680e405ea7cc78
  languageName: node
  linkType: hard

"loose-envify@npm:^1.1.0":
  version: 1.4.0
  resolution: "loose-envify@npm:1.4.0"
  dependencies:
    js-tokens: ^3.0.0 || ^4.0.0
  bin:
    loose-envify: cli.js
  checksum: 6517e24e0cad87ec9888f500c5b5947032cdfe6ef65e1c1936a0c48a524b81e65542c9c3edc91c97d5bddc806ee2a985dbc79be89215d613b1de5db6d1cfe6f4
  languageName: node
  linkType: hard

"minipass@npm:^7.0.4, minipass@npm:^7.1.2":
  version: 7.1.3
  resolution: "minipass@npm:7.1.3"
  checksum: 2ede17c0bf8fec499be3360fd07f0ec7666189e3907320a9b653f1530cf84af98928c5b12d80bfb75f321833bf2e97785b940540213ebdafe97a5f10327e664d
  languageName: node
  linkType: hard

"minizlib@npm:^3.1.0":
  version: 3.1.0
  resolution: "minizlib@npm:3.1.0"
  dependencies:
    minipass: ^7.1.2
  checksum: a15e6f0128f514b7d41a1c68ce531155447f4669e32d279bba1c1c071ef6c2abd7e4d4579bb59ccc2ed1531346749665968fdd7be8d83eb6b6ae2fe1f3d370a7
  languageName: node
  linkType: hard

"nanoid@npm:^3.3.12":
  version: 3.3.12
  resolution: "nanoid@npm:3.3.12"
  bin:
    nanoid: bin/nanoid.cjs
  checksum: 38699257447dc59e21e73e0510d0dfb16b7a610d9ca80633d5c3a68f9b4298c990513d30404ca8f163c2d03225ee01695ff8898bea6179183f38f0477b7635ac
  languageName: node
  linkType: hard

"node-addon-api@npm:^7.0.0":
  version: 7.1.1
  resolution: "node-addon-api@npm:7.1.1"
  dependencies:
    node-gyp: latest
  checksum: 46051999e3289f205799dfaf6bcb017055d7569090f0004811110312e2db94cb4f8654602c7eb77a60a1a05142cc2b96e1b5c56ca4622c41a5c6370787faaf30
  languageName: node
  linkType: hard

"node-gyp@npm:latest":
  version: 12.3.0
  resolution: "node-gyp@npm:12.3.0"
  dependencies:
    env-paths: ^2.2.0
    exponential-backoff: ^3.1.1
    graceful-fs: ^4.2.6
    nopt: ^9.0.0
    proc-log: ^6.0.0
    semver: ^7.3.5
    tar: ^7.5.4
    tinyglobby: ^0.2.12
    undici: ^6.25.0
    which: ^6.0.0
  bin:
    node-gyp: bin/node-gyp.js
  checksum: b02e8776908a83f25b8df88f0b79c46b425f9b7f442ebe3c4a50b9820128c1b44df6b386214c73d509964995d820edbda94bb0c811b6b60a686231afb699acf7
  languageName: node
  linkType: hard

"nopt@npm:^9.0.0":
  version: 9.0.0
  resolution: "nopt@npm:9.0.0"
  dependencies:
    abbrev: ^4.0.0
  bin:
    nopt: bin/nopt.js
  checksum: 7a5d9ab0629eaec1944a95438cc4efa6418ed2834aa8eb21a1bea579a7d8ac3e30120131855376a96ef59ab0e23ad8e0bc94d3349770a95e5cb7119339f7c7fb
  languageName: node
  linkType: hard

"picocolors@npm:^1.1.1":
  version: 1.1.1
  resolution: "picocolors@npm:1.1.1"
  checksum: e1cf46bf84886c79055fdfa9dcb3e4711ad259949e3565154b004b260cd356c5d54b31a1437ce9782624bf766272fe6b0154f5f0c744fb7af5d454d2b60db045
  languageName: node
  linkType: hard

"picomatch@npm:^4.0.2, picomatch@npm:^4.0.3, picomatch@npm:^4.0.4":
  version: 4.0.4
  resolution: "picomatch@npm:4.0.4"
  checksum: 76b387b5157951422fa6049a96bdd1695e39dd126cd99df34d343638dc5cdb8bcdc83fff288c23eddcf7c26657c35e3173d4d5f488c4f28b889b314472e0a662
  languageName: node
  linkType: hard

"playwright-core@npm:1.60.0":
  version: 1.60.0
  resolution: "playwright-core@npm:1.60.0"
  bin:
    playwright-core: cli.js
  checksum: 8afc6ce9b3fc2f17ebbc671555b1d982a6e1b554c9215ba92d843e9ced8ebdd66c25996debcf1773c15b449c5fa8a42e6bc8ec0b1d96c5b5b759214c3a54c80f
  languageName: node
  linkType: hard

"playwright@npm:1.60.0":
  version: 1.60.0
  resolution: "playwright@npm:1.60.0"
  dependencies:
    fsevents: 2.3.2
    playwright-core: 1.60.0
  dependenciesMeta:
    fsevents:
      optional: true
  bin:
    playwright: cli.js
  checksum: 07b893cfe34fed7039910f6bb9ecabac29888578b42ea54026815c3642989efdf9b9480184ce097c6f49cade3e8addcb026afcaf58800b639dc572ed3487ee42
  languageName: node
  linkType: hard

"postcss@npm:^8.5.3":
  version: 8.5.15
  resolution: "postcss@npm:8.5.15"
  dependencies:
    nanoid: ^3.3.12
    picocolors: ^1.1.1
    source-map-js: ^1.2.1
  checksum: 82e046d5bd0c537e7bcae1b97ec366968cac4ebdbd38773b69a2a4ad437f26641643a48f120317dd167199ac718ff8a0ab7dd102258430e4c919daaef0e57904
  languageName: node
  linkType: hard

"proc-log@npm:^6.0.0":
  version: 6.1.0
  resolution: "proc-log@npm:6.1.0"
  checksum: ac450ff8244e95b0c9935b52d629fef92ae69b7e39aea19972a8234259614d644402dd62ce9cb094f4a637d8a4514cba90c1456ad785a40ad5b64d502875a817
  languageName: node
  linkType: hard

"react-dom@npm:^18.3.1":
  version: 18.3.1
  resolution: "react-dom@npm:18.3.1"
  dependencies:
    loose-envify: ^1.1.0
    scheduler: ^0.23.2
  peerDependencies:
    react: ^18.3.1
  checksum: 298954ecd8f78288dcaece05e88b570014d8f6dce5db6f66e6ee91448debeb59dcd31561dddb354eee47e6c1bb234669459060deb238ed0213497146e555a0b9
  languageName: node
  linkType: hard

"react@npm:^18.3.1":
  version: 18.3.1
  resolution: "react@npm:18.3.1"
  dependencies:
    loose-envify: ^1.1.0
  checksum: a27bcfa8ff7c15a1e50244ad0d0c1cb2ad4375eeffefd266a64889beea6f6b64c4966c9b37d14ee32d6c9fcd5aa6ba183b6988167ab4d127d13e7cb5b386a376
  languageName: node
  linkType: hard

"readdirp@npm:^5.0.0":
  version: 5.0.0
  resolution: "readdirp@npm:5.0.0"
  checksum: 3c8ddf1a08fa0adf8f14685a373dd205ada0f2de980e7e77f9846026f331acbc6035040ba204d22b368a0dc8eb7bee2d737fb19f398d73c716c510ce3b2e5583
  languageName: node
  linkType: hard

"rollup@npm:^4.34.9":
  version: 4.60.4
  resolution: "rollup@npm:4.60.4"
  dependencies:
    "@rollup/rollup-android-arm-eabi": 4.60.4
    "@rollup/rollup-android-arm64": 4.60.4
    "@rollup/rollup-darwin-arm64": 4.60.4
    "@rollup/rollup-darwin-x64": 4.60.4
    "@rollup/rollup-freebsd-arm64": 4.60.4
    "@rollup/rollup-freebsd-x64": 4.60.4
    "@rollup/rollup-linux-arm-gnueabihf": 4.60.4
    "@rollup/rollup-linux-arm-musleabihf": 4.60.4
    "@rollup/rollup-linux-arm64-gnu": 4.60.4
    "@rollup/rollup-linux-arm64-musl": 4.60.4
    "@rollup/rollup-linux-loong64-gnu": 4.60.4
    "@rollup/rollup-linux-loong64-musl": 4.60.4
    "@rollup/rollup-linux-ppc64-gnu": 4.60.4
    "@rollup/rollup-linux-ppc64-musl": 4.60.4
    "@rollup/rollup-linux-riscv64-gnu": 4.60.4
    "@rollup/rollup-linux-riscv64-musl": 4.60.4
    "@rollup/rollup-linux-s390x-gnu": 4.60.4
    "@rollup/rollup-linux-x64-gnu": 4.60.4
    "@rollup/rollup-linux-x64-musl": 4.60.4
    "@rollup/rollup-openbsd-x64": 4.60.4
    "@rollup/rollup-openharmony-arm64": 4.60.4
    "@rollup/rollup-win32-arm64-msvc": 4.60.4
    "@rollup/rollup-win32-ia32-msvc": 4.60.4
    "@rollup/rollup-win32-x64-gnu": 4.60.4
    "@rollup/rollup-win32-x64-msvc": 4.60.4
    "@types/estree": 1.0.8
    fsevents: ~2.3.2
  dependenciesMeta:
    "@rollup/rollup-android-arm-eabi":
      optional: true
    "@rollup/rollup-android-arm64":
      optional: true
    "@rollup/rollup-darwin-arm64":
      optional: true
    "@rollup/rollup-darwin-x64":
      optional: true
    "@rollup/rollup-freebsd-arm64":
      optional: true
    "@rollup/rollup-freebsd-x64":
      optional: true
    "@rollup/rollup-linux-arm-gnueabihf":
      optional: true
    "@rollup/rollup-linux-arm-musleabihf":
      optional: true
    "@rollup/rollup-linux-arm64-gnu":
      optional: true
    "@rollup/rollup-linux-arm64-musl":
      optional: true
    "@rollup/rollup-linux-loong64-gnu":
      optional: true
    "@rollup/rollup-linux-loong64-musl":
      optional: true
    "@rollup/rollup-linux-ppc64-gnu":
      optional: true
    "@rollup/rollup-linux-ppc64-musl":
      optional: true
    "@rollup/rollup-linux-riscv64-gnu":
      optional: true
    "@rollup/rollup-linux-riscv64-musl":
      optional: true
    "@rollup/rollup-linux-s390x-gnu":
      optional: true
    "@rollup/rollup-linux-x64-gnu":
      optional: true
    "@rollup/rollup-linux-x64-musl":
      optional: true
    "@rollup/rollup-openbsd-x64":
      optional: true
    "@rollup/rollup-openharmony-arm64":
      optional: true
    "@rollup/rollup-win32-arm64-msvc":
      optional: true
    "@rollup/rollup-win32-ia32-msvc":
      optional: true
    "@rollup/rollup-win32-x64-gnu":
      optional: true
    "@rollup/rollup-win32-x64-msvc":
      optional: true
    fsevents:
      optional: true
  bin:
    rollup: dist/bin/rollup
  checksum: e57bb1510cd71aaa937c5e6e537d683ffe13e7c482f2db62431ae4b8b15e34866b2d416f50ffaaac082d297385f98d50ed429c6ae2ac972c9a91c79102ff8b61
  languageName: node
  linkType: hard

"sass@npm:^1.71.1":
  version: 1.100.0
  resolution: "sass@npm:1.100.0"
  dependencies:
    "@parcel/watcher": ^2.4.1
    chokidar: ^5.0.0
    immutable: ^5.1.5
    source-map-js: ">=0.6.2 <2.0.0"
  dependenciesMeta:
    "@parcel/watcher":
      optional: true
  bin:
    sass: sass.js
  checksum: 4513474bd3a03cbc3e6eabf3ad8dd787d497d2083f5a30cc045114a016131192316180f017b58d590546558a2ced9ed4441baf41bc05bd6f3d5270f32eec4086
  languageName: node
  linkType: hard

"scheduler@npm:^0.23.2":
  version: 0.23.2
  resolution: "scheduler@npm:0.23.2"
  dependencies:
    loose-envify: ^1.1.0
  checksum: 3e82d1f419e240ef6219d794ff29c7ee415fbdc19e038f680a10c067108e06284f1847450a210b29bbaf97b9d8a97ced5f624c31c681248ac84c80d56ad5a2c4
  languageName: node
  linkType: hard

"semver@npm:^7.3.5":
  version: 7.8.1
  resolution: "semver@npm:7.8.1"
  bin:
    semver: bin/semver.js
  checksum: c6486ac12dc85120fc1daac8001350a4cd8126933720da496b0e8b841f170a35d4856b898b5288dfe7c1771bcadbf32c582254eade40ba16f8b6d296625d2b33
  languageName: node
  linkType: hard

"source-map-js@npm:>=0.6.2 <2.0.0, source-map-js@npm:^1.2.1":
  version: 1.2.1
  resolution: "source-map-js@npm:1.2.1"
  checksum: 4eb0cd997cdf228bc253bcaff9340afeb706176e64868ecd20efbe6efea931465f43955612346d6b7318789e5265bdc419bc7669c1cebe3db0eb255f57efa76b
  languageName: node
  linkType: hard

"tar@npm:^7.5.4":
  version: 7.5.15
  resolution: "tar@npm:7.5.15"
  dependencies:
    "@isaacs/fs-minipass": ^4.0.0
    chownr: ^3.0.0
    minipass: ^7.1.2
    minizlib: ^3.1.0
    yallist: ^5.0.0
  checksum: b00ede0737f262691b18bd60aebdd15663c7cdabd40adce64dde0b69f65b7afb91cf31a4cae3bc184e2358aa14371fb0b56d6f7c0c0cc8b0238df1242c0e07ca
  languageName: node
  linkType: hard

"tinyglobby@npm:^0.2.12, tinyglobby@npm:^0.2.13":
  version: 0.2.16
  resolution: "tinyglobby@npm:0.2.16"
  dependencies:
    fdir: ^6.5.0
    picomatch: ^4.0.4
  checksum: db9d22ce1deb1095720a683c492cd5e80da0f71fed21ed697e2752f6f298edd8a1249dab197c86a26f001c180594a81bf532400fe519791ed2a2cb57b03bc337
  languageName: node
  linkType: hard

"trzsz@npm:^1.1.5":
  version: 1.1.6
  resolution: "trzsz@npm:1.1.6"
  bin:
    trz: bin/trz.js
    tsz: bin/tsz.js
  checksum: 0f699011efbb505845183abe74693847b977b6a8e1ce87f038712684744c2b3d1fe314f5b938b14ae086b1ee400f4ea413c33d060056186ef4f1e790988b605d
  languageName: node
  linkType: hard

"ttyd-app@workspace:.":
  version: 0.0.0-use.local
  resolution: "ttyd-app@workspace:."
  dependencies:
    "@playwright/test": ^1.48.0
    "@types/file-saver": ^2.0.7
    "@types/node": ^25.9.1
    "@types/react": ^18.3.12
    "@types/react-dom": ^18.3.1
    "@vitejs/plugin-react-swc": ^3.7.2
    "@xterm/addon-canvas": ^0.7.0
    "@xterm/addon-clipboard": ^0.1.0
    "@xterm/addon-fit": ^0.10.0
    "@xterm/addon-image": ^0.8.0
    "@xterm/addon-unicode11": ^0.8.0
    "@xterm/addon-web-links": ^0.11.0
    "@xterm/addon-webgl": ^0.18.0
    "@xterm/xterm": ^5.5.0
    file-saver: ^2.0.5
    react: ^18.3.1
    react-dom: ^18.3.1
    sass: ^1.71.1
    trzsz: ^1.1.5
    typescript: ~5.6.3
    vite: ^6.0.3
    whatwg-fetch: ^3.6.20
    zmodem.js: ^0.1.10
  languageName: unknown
  linkType: soft

"typescript@npm:~5.6.3":
  version: 5.6.3
  resolution: "typescript@npm:5.6.3"
  bin:
    tsc: bin/tsc
    tsserver: bin/tsserver
  checksum: ba302f8822777ebefb28b554105f3e074466b671e7444ec6b75dadc008a62f46f373d9e57ceced1c433756d06c8b7dc569a7eefdf3a9573122a49205ff99021a
  languageName: node
  linkType: hard

"typescript@patch:typescript@~5.6.3#~builtin<compat/typescript>":
  version: 5.6.3
  resolution: "typescript@patch:typescript@npm%3A5.6.3#~builtin<compat/typescript>::version=5.6.3&hash=f3b441"
  bin:
    tsc: bin/tsc
    tsserver: bin/tsserver
  checksum: ade87bce2363ee963eed0e4ca8a312ea02c81873ebd53609bc3f6dc0a57f6e61ad7e3fb8cbb7f7ab8b5081cbee801b023f7c4823ee70b1c447eae050e6c7622b
  languageName: node
  linkType: hard

"undici-types@npm:>=7.24.0 <7.24.7":
  version: 7.24.6
  resolution: "undici-types@npm:7.24.6"
  checksum: e79802e37dc472c6324850d938b5df6b9e796f6a1bb5f8ccd24f3a6d17eae94a9cc125506c8b339a3293ffbad81daeba30b843e564c1d237b3c8deafd98b6267
  languageName: node
  linkType: hard

"undici@npm:^6.25.0":
  version: 6.25.0
  resolution: "undici@npm:6.25.0"
  checksum: aed372e1b0f16045696c878e46b03e97dfd1c6dd650fb2355d48adeecc730c990ab15ab2de5a5855dbfe04c9af403a3d4f702234d3e25e72c475d1fb3a72fcfe
  languageName: node
  linkType: hard

"vite@npm:^6.0.3":
  version: 6.4.2
  resolution: "vite@npm:6.4.2"
  dependencies:
    esbuild: ^0.25.0
    fdir: ^6.4.4
    fsevents: ~2.3.3
    picomatch: ^4.0.2
    postcss: ^8.5.3
    rollup: ^4.34.9
    tinyglobby: ^0.2.13
  peerDependencies:
    "@types/node": ^18.0.0 || ^20.0.0 || >=22.0.0
    jiti: ">=1.21.0"
    less: "*"
    lightningcss: ^1.21.0
    sass: "*"
    sass-embedded: "*"
    stylus: "*"
    sugarss: "*"
    terser: ^5.16.0
    tsx: ^4.8.1
    yaml: ^2.4.2
  dependenciesMeta:
    fsevents:
      optional: true
  peerDependenciesMeta:
    "@types/node":
      optional: true
    jiti:
      optional: true
    less:
      optional: true
    lightningcss:
      optional: true
    sass:
      optional: true
    sass-embedded:
      optional: true
    stylus:
      optional: true
    sugarss:
      optional: true
    terser:
      optional: true
    tsx:
      optional: true
    yaml:
      optional: true
  bin:
    vite: bin/vite.js
  checksum: f0b57b675aaa8a61b03f5e53c0f58ec4c7e77705adae5a8086e3ab8664bf763fb77332a8309a9dad092267bdedc5e583b28c72fc950a2ddce119ac1574181bf5
  languageName: node
  linkType: hard

"whatwg-fetch@npm:^3.6.20":
  version: 3.6.20
  resolution: "whatwg-fetch@npm:3.6.20"
  checksum: c58851ea2c4efe5c2235f13450f426824cf0253c1d45da28f45900290ae602a20aff2ab43346f16ec58917d5562e159cd691efa368354b2e82918c2146a519c5
  languageName: node
  linkType: hard

"which@npm:^6.0.0":
  version: 6.0.1
  resolution: "which@npm:6.0.1"
  dependencies:
    isexe: ^4.0.0
  bin:
    node-which: bin/which.js
  checksum: dbea77c7d3058bf6c78bf9659d2dce4d2b57d39a15b826b2af6ac2e5a219b99dc8a831b79fdbc453c0598adb4f3f84cf9c2491fd52beb9f5d2dececcad117f68
  languageName: node
  linkType: hard

"yallist@npm:^5.0.0":
  version: 5.0.0
  resolution: "yallist@npm:5.0.0"
  checksum: eba51182400b9f35b017daa7f419f434424410691bbc5de4f4240cc830fdef906b504424992700dc047f16b4d99100a6f8b8b11175c193f38008e9c96322b6a5
  languageName: node
  linkType: hard

"zmodem.js@npm:^0.1.10":
  version: 0.1.10
  resolution: "zmodem.js@npm:0.1.10"
  dependencies:
    crc-32: ^1.1.1
  checksum: d6cd400a4d6439b653519305518eb46a11bd0b48a744a12471c35f18b795fd253f3f6fe50247883f430b067c41b79d43f777532f728be66a8dd384df5f9d6f4f
  languageName: node
  linkType: hard
